
Microsoft Visual Studio Solution File, Format Version 12.00
# Visual Studio Version 17
VisualStudioVersion = 17.5.002.0
MinimumVisualStudioVersion = 10.0.40219.1
Project("{9A19103F-16F7-4668-BE54-9A1E7A4F7556}") = "RateMonitorAnalyser", "RateMonitorAnalyser\RateMonitorAnalyser.csproj", "{12EA35C4-3DAF-4178-A7EC-E4E9BD352A28}"
EndProject
Global
	GlobalSection(SolutionConfigurationPlatforms) = preSolution
		Debug|Any CPU = Debug|Any CPU
		Release|Any CPU = Release|Any CPU
	EndGlobalSection
	GlobalSection(ProjectConfigurationPlatforms) = postSolution
		{12EA35C4-3DAF-4178-A7EC-E4E9BD352A28}.Debug|Any CPU.ActiveCfg = Debug|Any CPU
		{12EA35C4-3DAF-4178-A7EC-E4E9BD352A28}.Debug|Any CPU.Build.0 = Debug|Any CPU
		{12EA35C4-3DAF-4178-A7EC-E4E9BD352A28}.Release|Any CPU.ActiveCfg = Release|Any CPU
		{12EA35C4-3DAF-4178-A7EC-E4E9BD352A28}.Release|Any CPU.Build.0 = Release|Any CPU
	EndGlobalSection
	GlobalSection(SolutionProperties) = preSolution
		HideSolutionNode = FALSE
	EndGlobalSection
	GlobalSection(ExtensibilityGlobals) = postSolution
		SolutionGuid = {DF2FF70B-45FA-4F6D-B6D6-FA6992594BD3}
	EndGlobalSection
EndGlobal
